
Microsoft Visual Studio Solution File, Format Version 12.00
# Visual Studio Version 17
VisualStudioVersion = 17.5.33530.505
MinimumVisualStudioVersion = 10.0.40219.1
Project("{9A19103F-16F7-4668-BE54-9A1E7A4F7556}") = "AppiumDesktopTests", "AppiumDesktopTests.csproj", "{4F1C6270-4AF8-4612-99E4-870DE553A083}"
EndProject
Global
	GlobalSection(SolutionConfigurationPlatforms) = preSolution
		Debug|Any CPU = Debug|Any CPU
		Release|Any CPU = Release|Any CPU
	EndGlobalSection
	GlobalSection(ProjectConfigurationPlatforms) = postSolution
		{4F1C6270-4AF8-4612-99E4-870DE553A083}.Debug|Any CPU.ActiveCfg = Debug|Any CPU
		{4F1C6270-4AF8-4612-99E4-870DE553A083}.Debug|Any CPU.Build.0 = Debug|Any CPU
		{4F1C6270-4AF8-4612-99E4-870DE553A083}.Release|Any CPU.ActiveCfg = Release|Any CPU
		{4F1C6270-4AF8-4612-99E4-870DE553A083}.Release|Any CPU.Build.0 = Release|Any CPU
	EndGlobalSection
	GlobalSection(SolutionProperties) = preSolution
		HideSolutionNode = FALSE
	EndGlobalSection
	GlobalSection(ExtensibilityGlobals) = postSolution
		SolutionGuid = {19C2FB5D-741E-475E-A95C-6DB8BBF3DB37}
	EndGlobalSection
EndGlobal
